
Microsoft Visual Studio Solution File, Format Version 12.00
# Visual Studio Version 16
VisualStudioVersion = 16.0.30503.244
MinimumVisualStudioVersion = 10.0.40219.1
Project("{FAE04EC0-301F-11D3-BF4B-00C04F79EFBC}") = "daonguoc", "daonguoc.csproj", "{2B5F59B5-5E49-4212-9267-D1560A28D652}"
EndProject
Global
	GlobalSection(SolutionConfigurationPlatforms) = preSolution
		Debug|Any CPU = Debug|Any CPU
		Release|Any CPU = Release|Any CPU
	EndGlobalSection
	GlobalSection(ProjectConfigurationPlatforms) = postSolution
		{2B5F59B5-5E49-4212-9267-D1560A28D652}.Debug|Any CPU.ActiveCfg = Debug|Any CPU
		{2B5F59B5-5E49-4212-9267-D1560A28D652}.Debug|Any CPU.Build.0 = Debug|Any CPU
		{2B5F59B5-5E49-4212-9267-D1560A28D652}.Release|Any CPU.ActiveCfg = Release|Any CPU
		{2B5F59B5-5E49-4212-9267-D1560A28D652}.Release|Any CPU.Build.0 = Release|Any CPU
	EndGlobalSection
	GlobalSection(SolutionProperties) = preSolution
		HideSolutionNode = FALSE
	EndGlobalSection
	GlobalSection(ExtensibilityGlobals) = postSolution
		SolutionGuid = {AA320E75-FFE5-4382-9948-B843B3D49987}
	EndGlobalSection
EndGlobal
